{
  "name": "flowfileds",
  "version": "1.0.0",
  "lockfileVersion": 3,
  "requires": true,
  "packages": {
    "": {
      "name": "flowfileds",
      "version": "1.0.0",
      "license": "ISC",
      "dependencies": {
        "@chriscourses/perlin-noise": "^1.0.5",
        "vectory-lib": "^0.0.7"
      }
    },
    "node_modules/@chriscourses/perlin-noise": {
      "version": "1.0.5",
      "resolved": "https://registry.npmjs.org/@chriscourses/perlin-noise/-/perlin-noise-1.0.5.tgz",
      "integrity": "sha512-AjIAlGT1M1Pc4/P3MkztzETXRI/LyGMl/fRglbY/Vgdb8Sl6Rn/yOd1XiHQD5ftiUev6i33UbReVWI95wtntpg=="
    },
    "node_modules/vectory-lib": {
      "version": "0.0.7",
      "resolved": "https://registry.npmjs.org/vectory-lib/-/vectory-lib-0.0.7.tgz",
      "integrity": "sha512-jkhCIda5dTimY9WmMpq0JJyeqrfTKDPJjdaN83lRcc0VmJ7W0NblPpO4+2LvlsXjegWko0YMQMcl0d5m6oYDSQ=="
    }
  }
}
